# This file is autogenerated, do not edit; changes may be undone by the next 'dep ensure'.


[[projects]]
  name = "github.com/pkg/errors"
  packages = ["."]
  revision = "645ef00459ed84a119197bfb8d8205042c6df63d"
  version = "v0.8.0"

[[projects]]
  name = "github.com/streadway/amqp"
  packages = ["."]
  revision = "e5adc2ada8b8efff032bf61173a233d143e9318e"

[solve-meta]
  analyzer-name = "dep"
  analyzer-version = 1
  inputs-digest = "5aa064cf3f03d7ce65c0381f9fb32e4a9dcdb0a46a423d7c8d4091d55867e077"
  solver-name = "gps-cdcl"
  solver-version = 1
